
Microsoft Visual Studio Solution File, Format Version 12.00
Project("{FAE04EC0-301F-11D3-BF4B-00C04F79EFBC}") = "AvaloniaSelfBindingAttachedPropertyBugRepro", "AvaloniaSelfBindingAttachedPropertyBugRepro\AvaloniaSelfBindingAttachedPropertyBugRepro.csproj", "{607821C0-EE68-4993-A714-7B05F0E2A530}"
EndProject
Project("{FAE04EC0-301F-11D3-BF4B-00C04F79EFBC}") = "ThemesProject", "ThemesProject\ThemesProject.csproj", "{8008EFC1-D1F2-4260-9929-08AB4362A111}"
EndProject
Global
	GlobalSection(SolutionConfigurationPlatforms) = preSolution
		Debug|Any CPU = Debug|Any CPU
		Release|Any CPU = Release|Any CPU
	EndGlobalSection
	GlobalSection(ProjectConfigurationPlatforms) = postSolution
		{607821C0-EE68-4993-A714-7B05F0E2A530}.Debug|Any CPU.ActiveCfg = Debug|Any CPU
		{607821C0-EE68-4993-A714-7B05F0E2A530}.Debug|Any CPU.Build.0 = Debug|Any CPU
		{607821C0-EE68-4993-A714-7B05F0E2A530}.Release|Any CPU.ActiveCfg = Release|Any CPU
		{607821C0-EE68-4993-A714-7B05F0E2A530}.Release|Any CPU.Build.0 = Release|Any CPU
		{8008EFC1-D1F2-4260-9929-08AB4362A111}.Debug|Any CPU.ActiveCfg = Debug|Any CPU
		{8008EFC1-D1F2-4260-9929-08AB4362A111}.Debug|Any CPU.Build.0 = Debug|Any CPU
		{8008EFC1-D1F2-4260-9929-08AB4362A111}.Release|Any CPU.ActiveCfg = Release|Any CPU
		{8008EFC1-D1F2-4260-9929-08AB4362A111}.Release|Any CPU.Build.0 = Release|Any CPU
	EndGlobalSection
EndGlobal
